
Microsoft Visual Studio Solution File, Format Version 12.00
# Visual Studio Version 16
VisualStudioVersion = 16.0.28803.156
MinimumVisualStudioVersion = 10.0.40219.1
Project("{FAE04EC0-301F-11D3-BF4B-00C04F79EFBC}") = "21_PA09_Bryan", "21_PA09_Bryan.csproj", "{088DE41D-5B41-4AC3-9782-D0784431B96D}"
EndProject
Global
	GlobalSection(SolutionConfigurationPlatforms) = preSolution
		Debug|Any CPU = Debug|Any CPU
		Release|Any CPU = Release|Any CPU
	EndGlobalSection
	GlobalSection(ProjectConfigurationPlatforms) = postSolution
		{088DE41D-5B41-4AC3-9782-D0784431B96D}.Debug|Any CPU.ActiveCfg = Debug|Any CPU
		{088DE41D-5B41-4AC3-9782-D0784431B96D}.Debug|Any CPU.Build.0 = Debug|Any CPU
		{088DE41D-5B41-4AC3-9782-D0784431B96D}.Release|Any CPU.ActiveCfg = Release|Any CPU
		{088DE41D-5B41-4AC3-9782-D0784431B96D}.Release|Any CPU.Build.0 = Release|Any CPU
	EndGlobalSection
	GlobalSection(SolutionProperties) = preSolution
		HideSolutionNode = FALSE
	EndGlobalSection
	GlobalSection(ExtensibilityGlobals) = postSolution
		SolutionGuid = {29967E08-AA5F-4980-BA62-424F2299B5AC}
	EndGlobalSection
EndGlobal
